
Microsoft Visual Studio Solution File, Format Version 12.00
Project("{FAE04EC0-301F-11D3-BF4B-00C04F79EFBC}") = "LambdaEngine", "LambdaEngine\LambdaEngine.csproj", "{F33A288B-96DC-42E6-B937-67595B90DF1A}"
EndProject
Project("{2150E333-8FDC-42A3-9474-1A3956D46DE8}") = "Core", "Core", "{D2B583F8-102B-484A-9E77-2E2B47FC05F6}"
EndProject
Project("{2150E333-8FDC-42A3-9474-1A3956D46DE8}") = "DefaultSystems", "DefaultSystems", "{52BE9BC1-5296-4778-A604-F63961BBABA8}"
EndProject
Project("{2150E333-8FDC-42A3-9474-1A3956D46DE8}") = "DefaultModules", "DefaultModules", "{84864A21-9C91-4881-B718-2DC789AD529E}"
EndProject
Project("{FAE04EC0-301F-11D3-BF4B-00C04F79EFBC}") = "LambdaEngine.SceneModule", "LambdaEngine.SceneModule\LambdaEngine.SceneModule.csproj", "{40422CE0-C916-4DF0-8322-5313D53BAFB7}"
EndProject
Project("{FAE04EC0-301F-11D3-BF4B-00C04F79EFBC}") = "LambdaEngine.DebugSystem", "LambdaEngine.DebugSystem\LambdaEngine.DebugSystem.csproj", "{F57D2D58-EA60-4F0E-A94F-040ED2FE8AB8}"
EndProject
Project("{FAE04EC0-301F-11D3-BF4B-00C04F79EFBC}") = "LambdaEngine.PhysicsSystem", "LambdaEngine.PhysicsSystem\LambdaEngine.PhysicsSystem.csproj", "{4C30C877-F371-4C86-9D01-7529724B8C6D}"
EndProject
Project("{FAE04EC0-301F-11D3-BF4B-00C04F79EFBC}") = "LambdaEngine.TimeSystem", "LambdaEngine.TimeSystem\LambdaEngine.TimeSystem.csproj", "{27E3DB38-4243-45B2-9EE3-47A0C910F015}"
EndProject
Project("{FAE04EC0-301F-11D3-BF4B-00C04F79EFBC}") = "LambdaEngine.RenderSystem", "LambdaEngine.RenderSystem\LambdaEngine.RenderSystem.csproj", "{76288648-9302-44F4-B69F-E20D4DF1A593}"
EndProject
Project("{FAE04EC0-301F-11D3-BF4B-00C04F79EFBC}") = "LambdaEngine.PlatformSystem", "LambdaEngine.PlatformSystem\LambdaEngine.PlatformSystem.csproj", "{B1B2E749-4AD9-44C1-90BC-B54567697B61}"
EndProject
Project("{FAE04EC0-301F-11D3-BF4B-00C04F79EFBC}") = "LambdaEngine.InputSystem", "LambdaEngine.InputSystem\LambdaEngine.InputSystem.csproj", "{B9C1C9ED-7E06-41D1-97F0-53AD09CD8B80}"
EndProject
Project("{FAE04EC0-301F-11D3-BF4B-00C04F79EFBC}") = "LambdaEngine.AudioSystem", "LambdaEngine.AudioSystem\LambdaEngine.AudioSystem.csproj", "{8F5C9AC9-FB20-4FCF-9833-A13FFFDEA6D4}"
EndProject
Global
	GlobalSection(SolutionConfigurationPlatforms) = preSolution
		Debug|Any CPU = Debug|Any CPU
		Release|Any CPU = Release|Any CPU
	EndGlobalSection
	GlobalSection(ProjectConfigurationPlatforms) = postSolution
		{F33A288B-96DC-42E6-B937-67595B90DF1A}.Debug|Any CPU.ActiveCfg = Debug|Any CPU
		{F33A288B-96DC-42E6-B937-67595B90DF1A}.Debug|Any CPU.Build.0 = Debug|Any CPU
		{F33A288B-96DC-42E6-B937-67595B90DF1A}.Release|Any CPU.ActiveCfg = Release|Any CPU
		{F33A288B-96DC-42E6-B937-67595B90DF1A}.Release|Any CPU.Build.0 = Release|Any CPU
		{40422CE0-C916-4DF0-8322-5313D53BAFB7}.Debug|Any CPU.ActiveCfg = Debug|Any CPU
		{40422CE0-C916-4DF0-8322-5313D53BAFB7}.Debug|Any CPU.Build.0 = Debug|Any CPU
		{40422CE0-C916-4DF0-8322-5313D53BAFB7}.Release|Any CPU.ActiveCfg = Release|Any CPU
		{40422CE0-C916-4DF0-8322-5313D53BAFB7}.Release|Any CPU.Build.0 = Release|Any CPU
		{F57D2D58-EA60-4F0E-A94F-040ED2FE8AB8}.Debug|Any CPU.ActiveCfg = Debug|Any CPU
		{F57D2D58-EA60-4F0E-A94F-040ED2FE8AB8}.Debug|Any CPU.Build.0 = Debug|Any CPU
		{F57D2D58-EA60-4F0E-A94F-040ED2FE8AB8}.Release|Any CPU.ActiveCfg = Release|Any CPU
		{F57D2D58-EA60-4F0E-A94F-040ED2FE8AB8}.Release|Any CPU.Build.0 = Release|Any CPU
		{4C30C877-F371-4C86-9D01-7529724B8C6D}.Debug|Any CPU.ActiveCfg = Debug|Any CPU
		{4C30C877-F371-4C86-9D01-7529724B8C6D}.Debug|Any CPU.Build.0 = Debug|Any CPU
		{4C30C877-F371-4C86-9D01-7529724B8C6D}.Release|Any CPU.ActiveCfg = Release|Any CPU
		{4C30C877-F371-4C86-9D01-7529724B8C6D}.Release|Any CPU.Build.0 = Release|Any CPU
		{27E3DB38-4243-45B2-9EE3-47A0C910F015}.Debug|Any CPU.ActiveCfg = Debug|Any CPU
		{27E3DB38-4243-45B2-9EE3-47A0C910F015}.Debug|Any CPU.Build.0 = Debug|Any CPU
		{27E3DB38-4243-45B2-9EE3-47A0C910F015}.Release|Any CPU.ActiveCfg = Release|Any CPU
		{27E3DB38-4243-45B2-9EE3-47A0C910F015}.Release|Any CPU.Build.0 = Release|Any CPU
		{76288648-9302-44F4-B69F-E20D4DF1A593}.Debug|Any CPU.ActiveCfg = Debug|Any CPU
		{76288648-9302-44F4-B69F-E20D4DF1A593}.Debug|Any CPU.Build.0 = Debug|Any CPU
		{76288648-9302-44F4-B69F-E20D4DF1A593}.Release|Any CPU.ActiveCfg = Release|Any CPU
		{76288648-9302-44F4-B69F-E20D4DF1A593}.Release|Any CPU.Build.0 = Release|Any CPU
		{B1B2E749-4AD9-44C1-90BC-B54567697B61}.Debug|Any CPU.ActiveCfg = Debug|Any CPU
		{B1B2E749-4AD9-44C1-90BC-B54567697B61}.Debug|Any CPU.Build.0 = Debug|Any CPU
		{B1B2E749-4AD9-44C1-90BC-B54567697B61}.Release|Any CPU.ActiveCfg = Release|Any CPU
		{B1B2E749-4AD9-44C1-90BC-B54567697B61}.Release|Any CPU.Build.0 = Release|Any CPU
		{B9C1C9ED-7E06-41D1-97F0-53AD09CD8B80}.Debug|Any CPU.ActiveCfg = Debug|Any CPU
		{B9C1C9ED-7E06-41D1-97F0-53AD09CD8B80}.Debug|Any CPU.Build.0 = Debug|Any CPU
		{B9C1C9ED-7E06-41D1-97F0-53AD09CD8B80}.Release|Any CPU.ActiveCfg = Release|Any CPU
		{B9C1C9ED-7E06-41D1-97F0-53AD09CD8B80}.Release|Any CPU.Build.0 = Release|Any CPU
		{8F5C9AC9-FB20-4FCF-9833-A13FFFDEA6D4}.Debug|Any CPU.ActiveCfg = Debug|Any CPU
		{8F5C9AC9-FB20-4FCF-9833-A13FFFDEA6D4}.Debug|Any CPU.Build.0 = Debug|Any CPU
		{8F5C9AC9-FB20-4FCF-9833-A13FFFDEA6D4}.Release|Any CPU.ActiveCfg = Release|Any CPU
		{8F5C9AC9-FB20-4FCF-9833-A13FFFDEA6D4}.Release|Any CPU.Build.0 = Release|Any CPU
	EndGlobalSection
	GlobalSection(NestedProjects) = preSolution
		{40422CE0-C916-4DF0-8322-5313D53BAFB7} = {84864A21-9C91-4881-B718-2DC789AD529E}
		{F57D2D58-EA60-4F0E-A94F-040ED2FE8AB8} = {52BE9BC1-5296-4778-A604-F63961BBABA8}
		{4C30C877-F371-4C86-9D01-7529724B8C6D} = {52BE9BC1-5296-4778-A604-F63961BBABA8}
		{27E3DB38-4243-45B2-9EE3-47A0C910F015} = {52BE9BC1-5296-4778-A604-F63961BBABA8}
		{76288648-9302-44F4-B69F-E20D4DF1A593} = {52BE9BC1-5296-4778-A604-F63961BBABA8}
		{B1B2E749-4AD9-44C1-90BC-B54567697B61} = {52BE9BC1-5296-4778-A604-F63961BBABA8}
		{B9C1C9ED-7E06-41D1-97F0-53AD09CD8B80} = {52BE9BC1-5296-4778-A604-F63961BBABA8}
		{8F5C9AC9-FB20-4FCF-9833-A13FFFDEA6D4} = {52BE9BC1-5296-4778-A604-F63961BBABA8}
	EndGlobalSection
EndGlobal
